// !$*UTF8*$!
{
	archiveVersion = 1;
	classes = {
	};
	objectVersion = 46;
	objects = {

/* Begin PBXBuildFile section */
		B14478DF1E313E420052ABB2 /* main.m in Sources */ = {isa = PBXBuildFile; fileRef = B14478DE1E313E420052ABB2 /* main.m */; };
		B14478E21E313E420052ABB2 /* AppDelegate.m in Sources */ = {isa = PBXBuildFile; fileRef = B14478E11E313E420052ABB2 /* AppDelegate.m */; };
		B14478E51E313E420052ABB2 /* ViewController.m in Sources */ = {isa = PBXBuildFile; fileRef = B14478E41E313E420052ABB2 /* ViewController.m */; };
		B14478E81E313E420052ABB2 /* Main.storyboard in Resources */ = {isa = PBXBuildFile; fileRef = B14478E61E313E420052ABB2 /* Main.storyboard */; };
		B14478EA1E313E420052ABB2 /* Assets.xcassets in Resources */ = {isa = PBXBuildFile; fileRef = B14478E91E313E420052ABB2 /* Assets.xcassets */; };
		B14478ED1E313E420052ABB2 /* LaunchScreen.storyboard in Resources */ = {isa = PBXBuildFile; fileRef = B14478EB1E313E420052ABB2 /* LaunchScreen.storyboard */; };
		B14478F81E313E420052ABB2 /* SkellyOCTests.m in Sources */ = {isa = PBXBuildFile; fileRef = B14478F71E313E420052ABB2 /* SkellyOCTests.m */; };
		B14479031E313E420052ABB2 /* SkellyOCUITests.m in Sources */ = {isa = PBXBuildFile; fileRef = B14479021E313E420052ABB2 /* SkellyOCUITests.m */; };
/* End PBXBuildFile section */

/* Begin PBXContainerItemProxy section */
		B14478F41E313E420052ABB2 /* PBXContainerItemProxy */ = {
			isa = PBXContainerItemProxy;
			containerPortal = B14478D21E313E420052ABB2 /* Project object */;
			proxyType = 1;
			remoteGlobalIDString = B14478D91E313E420052ABB2;
			remoteInfo = SkellyOC;
		};
		B14478FF1E313E420052ABB2 /* PBXContainerItemProxy */ = {
			isa = PBXContainerItemProxy;
			containerPortal = B14478D21E313E420052ABB2 /* Project object */;
			proxyType = 1;
			remoteGlobalIDString = B14478D91E313E420052ABB2;
			remoteInfo = SkellyOC;
		};
/* End PBXContainerItemProxy section */

/* Begin PBXFileReference section */
		B14478DA1E313E420052ABB2 /* SkellyOC.app */ = {isa = PBXFileReference; explicitFileType = wrapper.application; includeInIndex = 0; path = SkellyOC.app; sourceTree = BUILT_PRODUCTS_DIR; };
		B14478DE1E313E420052ABB2 /* main.m */ = {isa = PBXFileReference; lastKnownFileType = sourcecode.c.objc; path = main.m; sourceTree = "<group>"; };
		B14478E01E313E420052ABB2 /* AppDelegate.h */ = {isa = PBXFileReference; lastKnownFileType = sourcecode.c.h; path = AppDelegate.h; sourceTree = "<group>"; };
		B14478E11E313E420052ABB2 /* AppDelegate.m */ = {isa = PBXFileReference; lastKnownFileType = sourcecode.c.objc; path = AppDelegate.m; sourceTree = "<group>"; };
		B14478E31E313E420052ABB2 /* ViewController.h */ = {isa = PBXFileReference; lastKnownFileType = sourcecode.c.h; path = ViewController.h; sourceTree = "<group>"; };
		B14478E41E313E420052ABB2 /* ViewController.m */ = {isa = PBXFileReference; lastKnownFileType = sourcecode.c.objc; path = ViewController.m; sourceTree = "<group>"; };
		B14478E71E313E420052ABB2 /* Base */ = {isa = PBXFileReference; lastKnownFileType = file.storyboard; name = Base; path = Base.lproj/Main.storyboard; sourceTree = "<group>"; };
		B14478E91E313E420052ABB2 /* Assets.xcassets */ = {isa = PBXFileReference; lastKnownFileType = folder.assetcatalog; path = Assets.xcassets; sourceTree = "<group>"; };
		B14478EC1E313E420052ABB2 /* Base */ = {isa = PBXFileReference; lastKnownFileType = file.storyboard; name = Base; path = Base.lproj/LaunchScreen.storyboard; sourceTree = "<group>"; };
		B14478EE1E313E420052ABB2 /* Info.plist */ = {isa = PBXFileReference; lastKnownFileType = text.plist.xml; path = Info.plist; sourceTree = "<group>"; };
		B14478F31E313E420052ABB2 /* SkellyOCTests.xctest */ = {isa = PBXFileReference; explicitFileType = wrapper.cfbundle; includeInIndex = 0; path = SkellyOCTests.xctest; sourceTree = BUILT_PRODUCTS_DIR; };
		B14478F71E313E420052ABB2 /* SkellyOCTests.m */ = {isa = PBXFileReference; lastKnownFileType = sourcecode.c.objc; path = SkellyOCTests.m; sourceTree = "<group>"; };
		B14478F91E313E420052ABB2 /* Info.plist */ = {isa = PBXFileReference; lastKnownFileType = text.plist.xml; path = Info.plist; sourceTree = "<group>"; };
		B14478FE1E313E420052ABB2 /* SkellyOCUITests.xctest */ = {isa = PBXFileReference; explicitFileType = wrapper.cfbundle; includeInIndex = 0; path = SkellyOCUITests.xctest; sourceTree = BUILT_PRODUCTS_DIR; };
		B14479021E313E420052ABB2 /* SkellyOCUITests.m */ = {isa = PBXFileReference; lastKnownFileType = sourcecode.c.objc; path = SkellyOCUITests.m; sourceTree = "<group>"; };
		B14479041E313E420052ABB2 /* Info.plist */ = {isa = PBXFileReference; lastKnownFileType = text.plist.xml; path = Info.plist; sourceTree = "<group>"; };
/* End PBXFileReference section */

/* Begin PBXFrameworksBuildPhase section */
		B14478D71E313E420052ABB2 /* Frameworks */ = {
			isa = PBXFrameworksBuildPhase;
			buildActionMask = 2147483647;
			files = (
			);
			runOnlyForDeploymentPostprocessing = 0;
		};
		B14478F01E313E420052ABB2 /* Frameworks */ = {
			isa = PBXFrameworksBuildPhase;
			buildActionMask = 2147483647;
			files = (
			);
			runOnlyForDeploymentPostprocessing = 0;
		};
		B14478FB1E313E420052ABB2 /* Frameworks */ = {
			isa = PBXFrameworksBuildPhase;
			buildActionMask = 2147483647;
			files = (
			);
			runOnlyForDeploymentPostprocessing = 0;
		};
/* End PBXFrameworksBuildPhase section */

/* Begin PBXGroup section */
		B14478D11E313E420052ABB2 = {
			isa = PBXGroup;
			children = (
				B14478DC1E313E420052ABB2 /* SkellyOC */,
				B14478F61E313E420052ABB2 /* SkellyOCTests */,
				B14479011E313E420052ABB2 /* SkellyOCUITests */,
				B14478DB1E313E420052ABB2 /* Products */,
			);
			sourceTree = "<group>";
		};
		B14478DB1E313E420052ABB2 /* Products */ = {
			isa = PBXGroup;
			children = (
				B14478DA1E313E420052ABB2 /* SkellyOC.app */,
				B14478F31E313E420052ABB2 /* SkellyOCTests.xctest */,
				B14478FE1E313E420052ABB2 /* SkellyOCUITests.xctest */,
			);
			name = Products;
			sourceTree = "<group>";
		};
		B14478DC1E313E420052ABB2 /* SkellyOC */ = {
			isa = PBXGroup;
			children = (
				B14478E01E313E420052ABB2 /* AppDelegate.h */,
				B14478E11E313E420052ABB2 /* AppDelegate.m */,
				B14478E31E313E420052ABB2 /* ViewController.h */,
				B14478E41E313E420052ABB2 /* ViewController.m */,
				B14478E61E313E420052ABB2 /* Main.storyboard */,
				B14478E91E313E420052ABB2 /* Assets.xcassets */,
				B14478EB1E313E420052ABB2 /* LaunchScreen.storyboard */,
				B14478EE1E313E420052ABB2 /* Info.plist */,
				B14478DD1E313E420052ABB2 /* Supporting Files */,
			);
			path = SkellyOC;
			sourceTree = "<group>";
		};
		B14478DD1E313E420052ABB2 /* Supporting Files */ = {
			isa = PBXGroup;
			children = (
				B14478DE1E313E420052ABB2 /* main.m */,
			);
			name = "Supporting Files";
			sourceTree = "<group>";
		};
		B14478F61E313E420052ABB2 /* SkellyOCTests */ = {
			isa = PBXGroup;
			children = (
				B14478F71E313E420052ABB2 /* SkellyOCTests.m */,
				B14478F91E313E420052ABB2 /* Info.plist */,
			);
			path = SkellyOCTests;
			sourceTree = "<group>";
		};
		B14479011E313E420052ABB2 /* SkellyOCUITests */ = {
			isa = PBXGroup;
			children = (
				B14479021E313E420052ABB2 /* SkellyOCUITests.m */,
				B14479041E313E420052ABB2 /* Info.plist */,
			);
			path = SkellyOCUITests;
			sourceTree = "<group>";
		};
/* End PBXGroup section */

/* Begin PBXNativeTarget section */
		B14478D91E313E420052ABB2 /* SkellyOC */ = {
			isa = PBXNativeTarget;
			buildConfigurationList = B14479071E313E420052ABB2 /* Build configuration list for PBXNativeTarget "SkellyOC" */;
			buildPhases = (
				B14478D61E313E420052ABB2 /* Sources */,
				B14478D71E313E420052ABB2 /* Frameworks */,
				B14478D81E313E420052ABB2 /* Resources */,
			);
			buildRules = (
			);
			dependencies = (
			);
			name = SkellyOC;
			productName = SkellyOC;
			productReference = B14478DA1E313E420052ABB2 /* SkellyOC.app */;
			productType = "com.apple.product-type.application";
		};
		B14478F21E313E420052ABB2 /* SkellyOCTests */ = {
			isa = PBXNativeTarget;
			buildConfigurationList = B144790A1E313E420052ABB2 /* Build configuration list for PBXNativeTarget "SkellyOCTests" */;
			buildPhases = (
				B14478EF1E313E420052ABB2 /* Sources */,
				B14478F01E313E420052ABB2 /* Frameworks */,
				B14478F11E313E420052ABB2 /* Resources */,
			);
			buildRules = (
			);
			dependencies = (
				B14478F51E313E420052ABB2 /* PBXTargetDependency */,
			);
			name = SkellyOCTests;
			productName = SkellyOCTests;
			productReference = B14478F31E313E420052ABB2 /* SkellyOCTests.xctest */;
			productType = "com.apple.product-type.bundle.unit-test";
		};
		B14478FD1E313E420052ABB2 /* SkellyOCUITests */ = {
			isa = PBXNativeTarget;
			buildConfigurationList = B144790D1E313E420052ABB2 /* Build configuration list for PBXNativeTarget "SkellyOCUITests" */;
			buildPhases = (
				B14478FA1E313E420052ABB2 /* Sources */,
				B14478FB1E313E420052ABB2 /* Frameworks */,
				B14478FC1E313E420052ABB2 /* Resources */,
			);
			buildRules = (
			);
			dependencies = (
				B14479001E313E420052ABB2 /* PBXTargetDependency */,
			);
			name = SkellyOCUITests;
			productName = SkellyOCUITests;
			productReference = B14478FE1E313E420052ABB2 /* SkellyOCUITests.xctest */;
			productType = "com.apple.product-type.bundle.ui-testing";
		};
/* End PBXNativeTarget section */

/* Begin PBXProject section */
		B14478D21E313E420052ABB2 /* Project object */ = {
			isa = PBXProject;
			attributes = {
				LastUpgradeCheck = 0820;
				ORGANIZATIONNAME = frostyFX;
				TargetAttributes = {
					B14478D91E313E420052ABB2 = {
						CreatedOnToolsVersion = 8.2.1;
						ProvisioningStyle = Automatic;
					};
					B14478F21E313E420052ABB2 = {
						CreatedOnToolsVersion = 8.2.1;
						ProvisioningStyle = Automatic;
						TestTargetID = B14478D91E313E420052ABB2;
					};
					B14478FD1E313E420052ABB2 = {
						CreatedOnToolsVersion = 8.2.1;
						ProvisioningStyle = Automatic;
						TestTargetID = B14478D91E313E420052ABB2;
					};
				};
			};
			buildConfigurationList = B14478D51E313E420052ABB2 /* Build configuration list for PBXProject "SkellyOC" */;
			compatibilityVersion = "Xcode 3.2";
			developmentRegion = English;
			hasScannedForEncodings = 0;
			knownRegions = (
				en,
				Base,
			);
			mainGroup = B14478D11E313E420052ABB2;
			productRefGroup = B14478DB1E313E420052ABB2 /* Products */;
			projectDirPath = "";
			projectRoot = "";
			targets = (
				B14478D91E313E420052ABB2 /* SkellyOC */,
				B14478F21E313E420052ABB2 /* SkellyOCTests */,
				B14478FD1E313E420052ABB2 /* SkellyOCUITests */,
			);
		};
/* End PBXProject section */

/* Begin PBXResourcesBuildPhase section */
		B14478D81E313E420052ABB2 /* Resources */ = {
			isa = PBXResourcesBuildPhase;
			buildActionMask = 2147483647;
			files = (
				B14478ED1E313E420052ABB2 /* LaunchScreen.storyboard in Resources */,
				B14478EA1E313E420052ABB2 /* Assets.xcassets in Resources */,
				B14478E81E313E420052ABB2 /* Main.storyboard in Resources */,
			);
			runOnlyForDeploymentPostprocessing = 0;
		};
		B14478F11E313E420052ABB2 /* Resources */ = {
			isa = PBXResourcesBuildPhase;
			buildActionMask = 2147483647;
			files = (
			);
			runOnlyForDeploymentPostprocessing = 0;
		};
		B14478FC1E313E420052ABB2 /* Resources */ = {
			isa = PBXResourcesBuildPhase;
			buildActionMask = 2147483647;
			files = (
			);
			runOnlyForDeploymentPostprocessing = 0;
		};
/* End PBXResourcesBuildPhase section */

/* Begin PBXSourcesBuildPhase section */
		B14478D61E313E420052ABB2 /* Sources */ = {
			isa = PBXSourcesBuildPhase;
			buildActionMask = 2147483647;
			files = (
				B14478E51E313E420052ABB2 /* ViewController.m in Sources */,
				B14478E21E313E420052ABB2 /* AppDelegate.m in Sources */,
				B14478DF1E313E420052ABB2 /* main.m in Sources */,
			);
			runOnlyForDeploymentPostprocessing = 0;
		};
		B14478EF1E313E420052ABB2 /* Sources */ = {
			isa = PBXSourcesBuildPhase;
			buildActionMask = 2147483647;
			files = (
				B14478F81E313E420052ABB2 /* SkellyOCTests.m in Sources */,
			);
			runOnlyForDeploymentPostprocessing = 0;
		};
		B14478FA1E313E420052ABB2 /* Sources */ = {
			isa = PBXSourcesBuildPhase;
			buildActionMask = 2147483647;
			files = (
				B14479031E313E420052ABB2 /* SkellyOCUITests.m in Sources */,
			);
			runOnlyForDeploymentPostprocessing = 0;
		};
/* End PBXSourcesBuildPhase section */

/* Begin PBXTargetDependency section */
		B14478F51E313E420052ABB2 /* PBXTargetDependency */ = {
			isa = PBXTargetDependency;
			target = B14478D91E313E420052ABB2 /* SkellyOC */;
			targetProxy = B14478F41E313E420052ABB2 /* PBXContainerItemProxy */;
		};
		B14479001E313E420052ABB2 /* PBXTargetDependency */ = {
			isa = PBXTargetDependency;
			target = B14478D91E313E420052ABB2 /* SkellyOC */;
			targetProxy = B14478FF1E313E420052ABB2 /* PBXContainerItemProxy */;
		};
/* End PBXTargetDependency section */

/* Begin PBXVariantGroup section */
		B14478E61E313E420052ABB2 /* Main.storyboard */ = {
			isa = PBXVariantGroup;
			children = (
				B14478E71E313E420052ABB2 /* Base */,
			);
			name = Main.storyboard;
			sourceTree = "<group>";
		};
		B14478EB1E313E420052ABB2 /* LaunchScreen.storyboard */ = {
			isa = PBXVariantGroup;
			children = (
				B14478EC1E313E420052ABB2 /* Base */,
			);
			name = LaunchScreen.storyboard;
			sourceTree = "<group>";
		};
/* End PBXVariantGroup section */

/* Begin XCBuildConfiguration section */
		B14479051E313E420052ABB2 /* Debug */ = {
			isa = XCBuildConfiguration;
			buildSettings = {
				ALWAYS_SEARCH_USER_PATHS = NO;
				CLANG_ANALYZER_NONNULL = YES;
				CLANG_CXX_LANGUAGE_STANDARD = "gnu++0x";
				CLANG_CXX_LIBRARY = "libc++";
				CLANG_ENABLE_MODULES = YES;
				CLANG_ENABLE_OBJC_ARC = YES;
				CLANG_WARN_BOOL_CONVERSION = YES;
				CLANG_WARN_CONSTANT_CONVERSION = YES;
				CLANG_WARN_DIRECT_OBJC_ISA_USAGE = YES_ERROR;
				CLANG_WARN_DOCUMENTATION_COMMENTS = YES;
				CLANG_WARN_EMPTY_BODY = YES;
				CLANG_WARN_ENUM_CONVERSION = YES;
				CLANG_WARN_INFINITE_RECURSION = YES;
				CLANG_WARN_INT_CONVERSION = YES;
				CLANG_WARN_OBJC_ROOT_CLASS = YES_ERROR;
				CLANG_WARN_SUSPICIOUS_MOVE = YES;
				CLANG_WARN_UNREACHABLE_CODE = YES;
				CLANG_WARN__DUPLICATE_METHOD_MATCH = YES;
				"CODE_SIGN_IDENTITY[sdk=iphoneos*]" = "iPhone Developer";
				COPY_PHASE_STRIP = NO;
				DEBUG_INFORMATION_FORMAT = dwarf;
				ENABLE_STRICT_OBJC_MSGSEND = YES;
				ENABLE_TESTABILITY = YES;
				GCC_C_LANGUAGE_STANDARD = gnu99;
				GCC_DYNAMIC_NO_PIC = NO;
				GCC_NO_COMMON_BLOCKS = YES;
				GCC_OPTIMIZATION_LEVEL = 0;
				GCC_PREPROCESSOR_DEFINITIONS = (
					"DEBUG=1",
					"$(inherited)",
				);
				GCC_WARN_64_TO_32_BIT_CONVERSION = YES;
				GCC_WARN_ABOUT_RETURN_TYPE = YES_ERROR;
				GCC_WARN_UNDECLARED_SELECTOR = YES;
				GCC_WARN_UNINITIALIZED_AUTOS = YES_AGGRESSIVE;
				GCC_WARN_UNUSED_FUNCTION = YES;
				GCC_WARN_UNUSED_VARIABLE = YES;
				IPHONEOS_DEPLOYMENT_TARGET = 10.2;
				MTL_ENABLE_DEBUG_INFO = YES;
				ONLY_ACTIVE_ARCH = YES;
				SDKROOT = iphoneos;
				TARGETED_DEVICE_FAMILY = "1,2";
			};
			name = Debug;
		};
		B14479061E313E420052ABB2 /* Release */ = {
			isa = XCBuildConfiguration;
			buildSettings = {
				ALWAYS_SEARCH_USER_PATHS = NO;
				CLANG_ANALYZER_NONNULL = YES;
				CLANG_CXX_LANGUAGE_STANDARD = "gnu++0x";
				CLANG_CXX_LIBRARY = "libc++";
				CLANG_ENABLE_MODULES = YES;
				CLANG_ENABLE_OBJC_ARC = YES;
				CLANG_WARN_BOOL_CONVERSION = YES;
				CLANG_WARN_CONSTANT_CONVERSION = YES;
				CLANG_WARN_DIRECT_OBJC_ISA_USAGE = YES_ERROR;
				CLANG_WARN_DOCUMENTATION_COMMENTS = YES;
				CLANG_WARN_EMPTY_BODY = YES;
				CLANG_WARN_ENUM_CONVERSION = YES;
				CLANG_WARN_INFINITE_RECURSION = YES;
				CLANG_WARN_INT_CONVERSION = YES;
				CLANG_WARN_OBJC_ROOT_CLASS = YES_ERROR;
				CLANG_WARN_SUSPICIOUS_MOVE = YES;
				CLANG_WARN_UNREACHABLE_CODE = YES;
				CLANG_WARN__DUPLICATE_METHOD_MATCH = YES;
				"CODE_SIGN_IDENTITY[sdk=iphoneos*]" = "iPhone Developer";
				COPY_PHASE_STRIP = NO;
				DEBUG_INFORMATION_FORMAT = "dwarf-with-dsym";
				ENABLE_NS_ASSERTIONS = NO;
				ENABLE_STRICT_OBJC_MSGSEND = YES;
				GCC_C_LANGUAGE_STANDARD = gnu99;
				GCC_NO_COMMON_BLOCKS = YES;
				GCC_WARN_64_TO_32_BIT_CONVERSION = YES;
				GCC_WARN_ABOUT_RETURN_TYPE = YES_ERROR;
				GCC_WARN_UNDECLARED_SELECTOR = YES;
				GCC_WARN_UNINITIALIZED_AUTOS = YES_AGGRESSIVE;
				GCC_WARN_UNUSED_FUNCTION = YES;
				GCC_WARN_UNUSED_VARIABLE = YES;
				IPHONEOS_DEPLOYMENT_TARGET = 10.2;
				MTL_ENABLE_DEBUG_INFO = NO;
				SDKROOT = iphoneos;
				TARGETED_DEVICE_FAMILY = "1,2";
				VALIDATE_PRODUCT = YES;
			};
			name = Release;
		};
		B14479081E313E420052ABB2 /* Debug */ = {
			isa = XCBuildConfiguration;
			buildSettings = {
				ASSETCATALOG_COMPILER_APPICON_NAME = AppIcon;
				INFOPLIST_FILE = SkellyOC/Info.plist;
				LD_RUNPATH_SEARCH_PATHS = "$(inherited) @executable_path/Frameworks";
				PRODUCT_BUNDLE_IDENTIFIER = frostyFX.SkellyOC;
				PRODUCT_NAME = "$(TARGET_NAME)";
			};
			name = Debug;
		};
		B14479091E313E420052ABB2 /* Release */ = {
			isa = XCBuildConfiguration;
			buildSettings = {
				ASSETCATALOG_COMPILER_APPICON_NAME = AppIcon;
				INFOPLIST_FILE = SkellyOC/Info.plist;
				LD_RUNPATH_SEARCH_PATHS = "$(inherited) @executable_path/Frameworks";
				PRODUCT_BUNDLE_IDENTIFIER = frostyFX.SkellyOC;
				PRODUCT_NAME = "$(TARGET_NAME)";
			};
			name = Release;
		};
		B144790B1E313E420052ABB2 /* Debug */ = {
			isa = XCBuildConfiguration;
			buildSettings = {
				BUNDLE_LOADER = "$(TEST_HOST)";
				INFOPLIST_FILE = SkellyOCTests/Info.plist;
				LD_RUNPATH_SEARCH_PATHS = "$(inherited) @executable_path/Frameworks @loader_path/Frameworks";
				PRODUCT_BUNDLE_IDENTIFIER = frostyFX.SkellyOCTests;
				PRODUCT_NAME = "$(TARGET_NAME)";
				TEST_HOST = "$(BUILT_PRODUCTS_DIR)/SkellyOC.app/SkellyOC";
			};
			name = Debug;
		};
		B144790C1E313E420052ABB2 /* Release */ = {
			isa = XCBuildConfiguration;
			buildSettings = {
				BUNDLE_LOADER = "$(TEST_HOST)";
				INFOPLIST_FILE = SkellyOCTests/Info.plist;
				LD_RUNPATH_SEARCH_PATHS = "$(inherited) @executable_path/Frameworks @loader_path/Frameworks";
				PRODUCT_BUNDLE_IDENTIFIER = frostyFX.SkellyOCTests;
				PRODUCT_NAME = "$(TARGET_NAME)";
				TEST_HOST = "$(BUILT_PRODUCTS_DIR)/SkellyOC.app/SkellyOC";
			};
			name = Release;
		};
		B144790E1E313E420052ABB2 /* Debug */ = {
			isa = XCBuildConfiguration;
			buildSettings = {
				INFOPLIST_FILE = SkellyOCUITests/Info.plist;
				LD_RUNPATH_SEARCH_PATHS = "$(inherited) @executable_path/Frameworks @loader_path/Frameworks";
				PRODUCT_BUNDLE_IDENTIFIER = frostyFX.SkellyOCUITests;
				PRODUCT_NAME = "$(TARGET_NAME)";
				TEST_TARGET_NAME = SkellyOC;
			};
			name = Debug;
		};
		B144790F1E313E420052ABB2 /* Release */ = {
			isa = XCBuildConfiguration;
			buildSettings = {
				INFOPLIST_FILE = SkellyOCUITests/Info.plist;
				LD_RUNPATH_SEARCH_PATHS = "$(inherited) @executable_path/Frameworks @loader_path/Frameworks";
				PRODUCT_BUNDLE_IDENTIFIER = frostyFX.SkellyOCUITests;
				PRODUCT_NAME = "$(TARGET_NAME)";
				TEST_TARGET_NAME = SkellyOC;
			};
			name = Release;
		};
/* End XCBuildConfiguration section */

/* Begin XCConfigurationList section */
		B14478D51E313E420052ABB2 /* Build configuration list for PBXProject "SkellyOC" */ = {
			isa = XCConfigurationList;
			buildConfigurations = (
				B14479051E313E420052ABB2 /* Debug */,
				B14479061E313E420052ABB2 /* Release */,
			);
			defaultConfigurationIsVisible = 0;
			defaultConfigurationName = Release;
		};
		B14479071E313E420052ABB2 /* Build configuration list for PBXNativeTarget "SkellyOC" */ = {
			isa = XCConfigurationList;
			buildConfigurations = (
				B14479081E313E420052ABB2 /* Debug */,
				B14479091E313E420052ABB2 /* Release */,
			);
			defaultConfigurationIsVisible = 0;
		};
		B144790A1E313E420052ABB2 /* Build configuration list for PBXNativeTarget "SkellyOCTests" */ = {
			isa = XCConfigurationList;
			buildConfigurations = (
				B144790B1E313E420052ABB2 /* Debug */,
				B144790C1E313E420052ABB2 /* Release */,
			);
			defaultConfigurationIsVisible = 0;
		};
		B144790D1E313E420052ABB2 /* Build configuration list for PBXNativeTarget "SkellyOCUITests" */ = {
			isa = XCConfigurationList;
			buildConfigurations = (
				B144790E1E313E420052ABB2 /* Debug */,
				B144790F1E313E420052ABB2 /* Release */,
			);
			defaultConfigurationIsVisible = 0;
		};
/* End XCConfigurationList section */
	};
	rootObject = B14478D21E313E420052ABB2 /* Project object */;
}
